
Microsoft Visual Studio Solution File, Format Version 12.00
# Visual Studio Version 16
VisualStudioVersion = 16.0.29519.87
MinimumVisualStudioVersion = 10.0.40219.1
Project("{FAE04EC0-301F-11D3-BF4B-00C04F79EFBC}") = "ageebSoft.TestConsol", "ageebSoft.TestConsol\ageebSoft.TestConsol.csproj", "{A972AD5F-958B-4E43-8F9F-00C7B7A04D9D}"
EndProject
Global
	GlobalSection(SolutionConfigurationPlatforms) = preSolution
		Debug|Any CPU = Debug|Any CPU
		Release|Any CPU = Release|Any CPU
	EndGlobalSection
	GlobalSection(ProjectConfigurationPlatforms) = postSolution
		{A972AD5F-958B-4E43-8F9F-00C7B7A04D9D}.Debug|Any CPU.ActiveCfg = Debug|Any CPU
		{A972AD5F-958B-4E43-8F9F-00C7B7A04D9D}.Debug|Any CPU.Build.0 = Debug|Any CPU
		{A972AD5F-958B-4E43-8F9F-00C7B7A04D9D}.Release|Any CPU.ActiveCfg = Release|Any CPU
		{A972AD5F-958B-4E43-8F9F-00C7B7A04D9D}.Release|Any CPU.Build.0 = Release|Any CPU
	EndGlobalSection
	GlobalSection(SolutionProperties) = preSolution
		HideSolutionNode = FALSE
	EndGlobalSection
	GlobalSection(ExtensibilityGlobals) = postSolution
		SolutionGuid = {72FE91B1-C746-40DD-A793-6471EA83C58F}
	EndGlobalSection
EndGlobal
